// !$*UTF8*$!
{
	archiveVersion = 1;
	classes = {
	};
	objectVersion = 77;
	objects = {

/* Begin PBXBuildFile section */
		4541AD602D52677F001E57DA /* FirebaseAuth in Frameworks */ = {isa = PBXBuildFile; productRef = 4541AD5F2D52677F001E57DA /* FirebaseAuth */; };
		4541AD622D52677F001E57DA /* FirebaseCore in Frameworks */ = {isa = PBXBuildFile; productRef = 4541AD612D52677F001E57DA /* FirebaseCore */; };
		4541AD662D52695D001E57DA /* GoogleService-Info.plist in Resources */ = {isa = PBXBuildFile; fileRef = 4541AD652D52695D001E57DA /* GoogleService-Info.plist */; };
		4541AD682D5297CA001E57DA /* FirebaseAuth in Frameworks */ = {isa = PBXBuildFile; productRef = 4541AD672D5297CA001E57DA /* FirebaseAuth */; };
		4541AD6A2D5297CA001E57DA /* FirebaseCore in Frameworks */ = {isa = PBXBuildFile; productRef = 4541AD692D5297CA001E57DA /* FirebaseCore */; };
		4541AD7C2D52BD63001E57DA /* FirebaseFirestore in Frameworks */ = {isa = PBXBuildFile; productRef = 4541AD7B2D52BD63001E57DA /* FirebaseFirestore */; };
		4541ADA72D53F79F001E57DA /* FirebaseStorage in Frameworks */ = {isa = PBXBuildFile; productRef = 4541ADA62D53F79F001E57DA /* FirebaseStorage */; };
/* End PBXBuildFile section */

/* Begin PBXContainerItemProxy section */
		4541AD292D51D120001E57DA /* PBXContainerItemProxy */ = {
			isa = PBXContainerItemProxy;
			containerPortal = 4541AD102D51D11F001E57DA /* Project object */;
			proxyType = 1;
			remoteGlobalIDString = 4541AD172D51D11F001E57DA;
			remoteInfo = scroll2study;
		};
		4541AD332D51D120001E57DA /* PBXContainerItemProxy */ = {
			isa = PBXContainerItemProxy;
			containerPortal = 4541AD102D51D11F001E57DA /* Project object */;
			proxyType = 1;
			remoteGlobalIDString = 4541AD172D51D11F001E57DA;
			remoteInfo = scroll2study;
		};
/* End PBXContainerItemProxy section */

/* Begin PBXFileReference section */
		4541AD182D51D11F001E57DA /* scroll2study.app */ = {isa = PBXFileReference; explicitFileType = wrapper.application; includeInIndex = 0; path = scroll2study.app; sourceTree = BUILT_PRODUCTS_DIR; };
		4541AD282D51D120001E57DA /* scroll2studyTests.xctest */ = {isa = PBXFileReference; explicitFileType = wrapper.cfbundle; includeInIndex = 0; path = scroll2studyTests.xctest; sourceTree = BUILT_PRODUCTS_DIR; };
		4541AD322D51D120001E57DA /* scroll2studyUITests.xctest */ = {isa = PBXFileReference; explicitFileType = wrapper.cfbundle; includeInIndex = 0; path = scroll2studyUITests.xctest; sourceTree = BUILT_PRODUCTS_DIR; };
		4541AD652D52695D001E57DA /* GoogleService-Info.plist */ = {isa = PBXFileReference; lastKnownFileType = text.plist.xml; path = "GoogleService-Info.plist"; sourceTree = "<group>"; };
		4541AD6B2D52A216001E57DA /* scroll2study.xctestplan */ = {isa = PBXFileReference; lastKnownFileType = text; path = scroll2study.xctestplan; sourceTree = "<group>"; };
/* End PBXFileReference section */

/* Begin PBXFileSystemSynchronizedBuildFileExceptionSet section */
		4541AD902D5301CC001E57DA /* Exceptions for "scroll2studyUITests" folder in "scroll2studyUITests" target */ = {
			isa = PBXFileSystemSynchronizedBuildFileExceptionSet;
			membershipExceptions = (
				Info.plist,
			);
			target = 4541AD312D51D120001E57DA /* scroll2studyUITests */;
		};
/* End PBXFileSystemSynchronizedBuildFileExceptionSet section */

/* Begin PBXFileSystemSynchronizedRootGroup section */
		4541AD1A2D51D11F001E57DA /* scroll2study */ = {
			isa = PBXFileSystemSynchronizedRootGroup;
			path = scroll2study;
			sourceTree = "<group>";
		};
		4541AD2B2D51D120001E57DA /* scroll2studyTests */ = {
			isa = PBXFileSystemSynchronizedRootGroup;
			path = scroll2studyTests;
			sourceTree = "<group>";
		};
		4541AD352D51D120001E57DA /* scroll2studyUITests */ = {
			isa = PBXFileSystemSynchronizedRootGroup;
			exceptions = (
				4541AD902D5301CC001E57DA /* Exceptions for "scroll2studyUITests" folder in "scroll2studyUITests" target */,
			);
			path = scroll2studyUITests;
			sourceTree = "<group>";
		};
/* End PBXFileSystemSynchronizedRootGroup section */

/* Begin PBXFrameworksBuildPhase section */
		4541AD152D51D11F001E57DA /* Frameworks */ = {
			isa = PBXFrameworksBuildPhase;
			buildActionMask = 2147483647;
			files = (
				4541AD622D52677F001E57DA /* FirebaseCore in Frameworks */,
				4541ADA72D53F79F001E57DA /* FirebaseStorage in Frameworks */,
				4541AD602D52677F001E57DA /* FirebaseAuth in Frameworks */,
				4541AD7C2D52BD63001E57DA /* FirebaseFirestore in Frameworks */,
			);
			runOnlyForDeploymentPostprocessing = 0;
		};
		4541AD252D51D120001E57DA /* Frameworks */ = {
			isa = PBXFrameworksBuildPhase;
			buildActionMask = 2147483647;
			files = (
				4541AD6A2D5297CA001E57DA /* FirebaseCore in Frameworks */,
				4541AD682D5297CA001E57DA /* FirebaseAuth in Frameworks */,
			);
			runOnlyForDeploymentPostprocessing = 0;
		};
		4541AD2F2D51D120001E57DA /* Frameworks */ = {
			isa = PBXFrameworksBuildPhase;
			buildActionMask = 2147483647;
			files = (
			);
			runOnlyForDeploymentPostprocessing = 0;
		};
/* End PBXFrameworksBuildPhase section */

/* Begin PBXGroup section */
		4541AD0F2D51D11F001E57DA = {
			isa = PBXGroup;
			children = (
				4541AD6B2D52A216001E57DA /* scroll2study.xctestplan */,
				4541AD1A2D51D11F001E57DA /* scroll2study */,
				4541AD2B2D51D120001E57DA /* scroll2studyTests */,
				4541AD352D51D120001E57DA /* scroll2studyUITests */,
				4541AD192D51D11F001E57DA /* Products */,
				4541AD652D52695D001E57DA /* GoogleService-Info.plist */,
			);
			sourceTree = "<group>";
		};
		4541AD192D51D11F001E57DA /* Products */ = {
			isa = PBXGroup;
			children = (
				4541AD182D51D11F001E57DA /* scroll2study.app */,
				4541AD282D51D120001E57DA /* scroll2studyTests.xctest */,
				4541AD322D51D120001E57DA /* scroll2studyUITests.xctest */,
			);
			name = Products;
			sourceTree = "<group>";
		};
/* End PBXGroup section */

/* Begin PBXNativeTarget section */
		4541AD172D51D11F001E57DA /* scroll2study */ = {
			isa = PBXNativeTarget;
			buildConfigurationList = 4541AD3C2D51D120001E57DA /* Build configuration list for PBXNativeTarget "scroll2study" */;
			buildPhases = (
				4541AD142D51D11F001E57DA /* Sources */,
				4541AD152D51D11F001E57DA /* Frameworks */,
				4541AD162D51D11F001E57DA /* Resources */,
			);
			buildRules = (
			);
			dependencies = (
			);
			fileSystemSynchronizedGroups = (
				4541AD1A2D51D11F001E57DA /* scroll2study */,
			);
			name = scroll2study;
			packageProductDependencies = (
				4541AD5F2D52677F001E57DA /* FirebaseAuth */,
				4541AD612D52677F001E57DA /* FirebaseCore */,
				4541AD7B2D52BD63001E57DA /* FirebaseFirestore */,
				4541ADA62D53F79F001E57DA /* FirebaseStorage */,
			);
			productName = scroll2study;
			productReference = 4541AD182D51D11F001E57DA /* scroll2study.app */;
			productType = "com.apple.product-type.application";
		};
		4541AD272D51D120001E57DA /* scroll2studyTests */ = {
			isa = PBXNativeTarget;
			buildConfigurationList = 4541AD3F2D51D120001E57DA /* Build configuration list for PBXNativeTarget "scroll2studyTests" */;
			buildPhases = (
				4541AD242D51D120001E57DA /* Sources */,
				4541AD252D51D120001E57DA /* Frameworks */,
				4541AD262D51D120001E57DA /* Resources */,
			);
			buildRules = (
			);
			dependencies = (
				4541AD2A2D51D120001E57DA /* PBXTargetDependency */,
			);
			fileSystemSynchronizedGroups = (
				4541AD2B2D51D120001E57DA /* scroll2studyTests */,
			);
			name = scroll2studyTests;
			packageProductDependencies = (
				4541AD672D5297CA001E57DA /* FirebaseAuth */,
				4541AD692D5297CA001E57DA /* FirebaseCore */,
			);
			productName = scroll2studyTests;
			productReference = 4541AD282D51D120001E57DA /* scroll2studyTests.xctest */;
			productType = "com.apple.product-type.bundle.unit-test";
		};
		4541AD312D51D120001E57DA /* scroll2studyUITests */ = {
			isa = PBXNativeTarget;
			buildConfigurationList = 4541AD422D51D120001E57DA /* Build configuration list for PBXNativeTarget "scroll2studyUITests" */;
			buildPhases = (
				4541AD2E2D51D120001E57DA /* Sources */,
				4541AD2F2D51D120001E57DA /* Frameworks */,
				4541AD302D51D120001E57DA /* Resources */,
			);
			buildRules = (
			);
			dependencies = (
				4541AD342D51D120001E57DA /* PBXTargetDependency */,
			);
			fileSystemSynchronizedGroups = (
				4541AD352D51D120001E57DA /* scroll2studyUITests */,
			);
			name = scroll2studyUITests;
			packageProductDependencies = (
			);
			productName = scroll2studyUITests;
			productReference = 4541AD322D51D120001E57DA /* scroll2studyUITests.xctest */;
			productType = "com.apple.product-type.bundle.ui-testing";
		};
/* End PBXNativeTarget section */

/* Begin PBXProject section */
		4541AD102D51D11F001E57DA /* Project object */ = {
			isa = PBXProject;
			attributes = {
				BuildIndependentTargetsInParallel = 1;
				LastSwiftUpdateCheck = 1620;
				LastUpgradeCheck = 1620;
				TargetAttributes = {
					4541AD172D51D11F001E57DA = {
						CreatedOnToolsVersion = 16.2;
					};
					4541AD272D51D120001E57DA = {
						CreatedOnToolsVersion = 16.2;
						TestTargetID = 4541AD172D51D11F001E57DA;
					};
					4541AD312D51D120001E57DA = {
						CreatedOnToolsVersion = 16.2;
						TestTargetID = 4541AD172D51D11F001E57DA;
					};
				};
			};
			buildConfigurationList = 4541AD132D51D11F001E57DA /* Build configuration list for PBXProject "scroll2study" */;
			developmentRegion = en;
			hasScannedForEncodings = 0;
			knownRegions = (
				en,
				Base,
			);
			mainGroup = 4541AD0F2D51D11F001E57DA;
			minimizedProjectReferenceProxies = 1;
			packageReferences = (
				4541AD5E2D52677F001E57DA /* XCRemoteSwiftPackageReference "firebase-ios-sdk" */,
			);
			preferredProjectObjectVersion = 77;
			productRefGroup = 4541AD192D51D11F001E57DA /* Products */;
			projectDirPath = "";
			projectRoot = "";
			targets = (
				4541AD172D51D11F001E57DA /* scroll2study */,
				4541AD272D51D120001E57DA /* scroll2studyTests */,
				4541AD312D51D120001E57DA /* scroll2studyUITests */,
			);
		};
/* End PBXProject section */

/* Begin PBXResourcesBuildPhase section */
		4541AD162D51D11F001E57DA /* Resources */ = {
			isa = PBXResourcesBuildPhase;
			buildActionMask = 2147483647;
			files = (
				4541AD662D52695D001E57DA /* GoogleService-Info.plist in Resources */,
			);
			runOnlyForDeploymentPostprocessing = 0;
		};
		4541AD262D51D120001E57DA /* Resources */ = {
			isa = PBXResourcesBuildPhase;
			buildActionMask = 2147483647;
			files = (
			);
			runOnlyForDeploymentPostprocessing = 0;
		};
		4541AD302D51D120001E57DA /* Resources */ = {
			isa = PBXResourcesBuildPhase;
			buildActionMask = 2147483647;
			files = (
			);
			runOnlyForDeploymentPostprocessing = 0;
		};
/* End PBXResourcesBuildPhase section */

/* Begin PBXSourcesBuildPhase section */
		4541AD142D51D11F001E57DA /* Sources */ = {
			isa = PBXSourcesBuildPhase;
			buildActionMask = 2147483647;
			files = (
			);
			runOnlyForDeploymentPostprocessing = 0;
		};
		4541AD242D51D120001E57DA /* Sources */ = {
			isa = PBXSourcesBuildPhase;
			buildActionMask = 2147483647;
			files = (
			);
			runOnlyForDeploymentPostprocessing = 0;
		};
		4541AD2E2D51D120001E57DA /* Sources */ = {
			isa = PBXSourcesBuildPhase;
			buildActionMask = 2147483647;
			files = (
			);
			runOnlyForDeploymentPostprocessing = 0;
		};
/* End PBXSourcesBuildPhase section */

/* Begin PBXTargetDependency section */
		4541AD2A2D51D120001E57DA /* PBXTargetDependency */ = {
			isa = PBXTargetDependency;
			target = 4541AD172D51D11F001E57DA /* scroll2study */;
			targetProxy = 4541AD292D51D120001E57DA /* PBXContainerItemProxy */;
		};
		4541AD342D51D120001E57DA /* PBXTargetDependency */ = {
			isa = PBXTargetDependency;
			target = 4541AD172D51D11F001E57DA /* scroll2study */;
			targetProxy = 4541AD332D51D120001E57DA /* PBXContainerItemProxy */;
		};
/* End PBXTargetDependency section */

/* Begin XCBuildConfiguration section */
		4541AD3A2D51D120001E57DA /* Debug */ = {
			isa = XCBuildConfiguration;
			buildSettings = {
				ALWAYS_SEARCH_USER_PATHS = NO;
				ASSETCATALOG_COMPILER_GENERATE_SWIFT_ASSET_SYMBOL_EXTENSIONS = YES;
				CLANG_ANALYZER_NONNULL = YES;
				CLANG_ANALYZER_NUMBER_OBJECT_CONVERSION = YES_AGGRESSIVE;
				CLANG_CXX_LANGUAGE_STANDARD = "gnu++20";
				CLANG_ENABLE_MODULES = YES;
				CLANG_ENABLE_OBJC_ARC = YES;
				CLANG_ENABLE_OBJC_WEAK = YES;
				CLANG_WARN_BLOCK_CAPTURE_AUTORELEASING = YES;
				CLANG_WARN_BOOL_CONVERSION = YES;
				CLANG_WARN_COMMA = YES;
				CLANG_WARN_CONSTANT_CONVERSION = YES;
				CLANG_WARN_DEPRECATED_OBJC_IMPLEMENTATIONS = YES;
				CLANG_WARN_DIRECT_OBJC_ISA_USAGE = YES_ERROR;
				CLANG_WARN_DOCUMENTATION_COMMENTS = YES;
				CLANG_WARN_EMPTY_BODY = YES;
				CLANG_WARN_ENUM_CONVERSION = YES;
				CLANG_WARN_INFINITE_RECURSION = YES;
				CLANG_WARN_INT_CONVERSION = YES;
				CLANG_WARN_NON_LITERAL_NULL_CONVERSION = YES;
				CLANG_WARN_OBJC_IMPLICIT_RETAIN_SELF = YES;
				CLANG_WARN_OBJC_LITERAL_CONVERSION = YES;
				CLANG_WARN_OBJC_ROOT_CLASS = YES_ERROR;
				CLANG_WARN_QUOTED_INCLUDE_IN_FRAMEWORK_HEADER = YES;
				CLANG_WARN_RANGE_LOOP_ANALYSIS = YES;
				CLANG_WARN_STRICT_PROTOTYPES = YES;
				CLANG_WARN_SUSPICIOUS_MOVE = YES;
				CLANG_WARN_UNGUARDED_AVAILABILITY = YES_AGGRESSIVE;
				CLANG_WARN_UNREACHABLE_CODE = YES;
				CLANG_WARN__DUPLICATE_METHOD_MATCH = YES;
				COPY_PHASE_STRIP = NO;
				DEBUG_INFORMATION_FORMAT = dwarf;
				ENABLE_STRICT_OBJC_MSGSEND = YES;
				ENABLE_TESTABILITY = YES;
				ENABLE_USER_SCRIPT_SANDBOXING = YES;
				GCC_C_LANGUAGE_STANDARD = gnu17;
				GCC_DYNAMIC_NO_PIC = NO;
				GCC_NO_COMMON_BLOCKS = YES;
				GCC_OPTIMIZATION_LEVEL = 0;
				GCC_PREPROCESSOR_DEFINITIONS = (
					"DEBUG=1",
					"$(inherited)",
				);
				GCC_WARN_64_TO_32_BIT_CONVERSION = YES;
				GCC_WARN_ABOUT_RETURN_TYPE = YES_ERROR;
				GCC_WARN_UNDECLARED_SELECTOR = YES;
				GCC_WARN_UNINITIALIZED_AUTOS = YES_AGGRESSIVE;
				GCC_WARN_UNUSED_FUNCTION = YES;
				GCC_WARN_UNUSED_VARIABLE = YES;
				IPHONEOS_DEPLOYMENT_TARGET = 18.2;
				LOCALIZATION_PREFERS_STRING_CATALOGS = YES;
				MTL_ENABLE_DEBUG_INFO = INCLUDE_SOURCE;
				MTL_FAST_MATH = YES;
				ONLY_ACTIVE_ARCH = YES;
				SDKROOT = iphoneos;
				SWIFT_ACTIVE_COMPILATION_CONDITIONS = "DEBUG $(inherited)";
				SWIFT_OPTIMIZATION_LEVEL = "-Onone";
			};
			name = Debug;
		};
		4541AD3B2D51D120001E57DA /* Release */ = {
			isa = XCBuildConfiguration;
			buildSettings = {
				ALWAYS_SEARCH_USER_PATHS = NO;
				ASSETCATALOG_COMPILER_GENERATE_SWIFT_ASSET_SYMBOL_EXTENSIONS = YES;
				CLANG_ANALYZER_NONNULL = YES;
				CLANG_ANALYZER_NUMBER_OBJECT_CONVERSION = YES_AGGRESSIVE;
				CLANG_CXX_LANGUAGE_STANDARD = "gnu++20";
				CLANG_ENABLE_MODULES = YES;
				CLANG_ENABLE_OBJC_ARC = YES;
				CLANG_ENABLE_OBJC_WEAK = YES;
				CLANG_WARN_BLOCK_CAPTURE_AUTORELEASING = YES;
				CLANG_WARN_BOOL_CONVERSION = YES;
				CLANG_WARN_COMMA = YES;
				CLANG_WARN_CONSTANT_CONVERSION = YES;
				CLANG_WARN_DEPRECATED_OBJC_IMPLEMENTATIONS = YES;
				CLANG_WARN_DIRECT_OBJC_ISA_USAGE = YES_ERROR;
				CLANG_WARN_DOCUMENTATION_COMMENTS = YES;
				CLANG_WARN_EMPTY_BODY = YES;
				CLANG_WARN_ENUM_CONVERSION = YES;
				CLANG_WARN_INFINITE_RECURSION = YES;
				CLANG_WARN_INT_CONVERSION = YES;
				CLANG_WARN_NON_LITERAL_NULL_CONVERSION = YES;
				CLANG_WARN_OBJC_IMPLICIT_RETAIN_SELF = YES;
				CLANG_WARN_OBJC_LITERAL_CONVERSION = YES;
				CLANG_WARN_OBJC_ROOT_CLASS = YES_ERROR;
				CLANG_WARN_QUOTED_INCLUDE_IN_FRAMEWORK_HEADER = YES;
				CLANG_WARN_RANGE_LOOP_ANALYSIS = YES;
				CLANG_WARN_STRICT_PROTOTYPES = YES;
				CLANG_WARN_SUSPICIOUS_MOVE = YES;
				CLANG_WARN_UNGUARDED_AVAILABILITY = YES_AGGRESSIVE;
				CLANG_WARN_UNREACHABLE_CODE = YES;
				CLANG_WARN__DUPLICATE_METHOD_MATCH = YES;
				COPY_PHASE_STRIP = NO;
				DEBUG_INFORMATION_FORMAT = "dwarf-with-dsym";
				ENABLE_NS_ASSERTIONS = NO;
				ENABLE_STRICT_OBJC_MSGSEND = YES;
				ENABLE_USER_SCRIPT_SANDBOXING = YES;
				GCC_C_LANGUAGE_STANDARD = gnu17;
				GCC_NO_COMMON_BLOCKS = YES;
				GCC_WARN_64_TO_32_BIT_CONVERSION = YES;
				GCC_WARN_ABOUT_RETURN_TYPE = YES_ERROR;
				GCC_WARN_UNDECLARED_SELECTOR = YES;
				GCC_WARN_UNINITIALIZED_AUTOS = YES_AGGRESSIVE;
				GCC_WARN_UNUSED_FUNCTION = YES;
				GCC_WARN_UNUSED_VARIABLE = YES;
				IPHONEOS_DEPLOYMENT_TARGET = 18.2;
				LOCALIZATION_PREFERS_STRING_CATALOGS = YES;
				MTL_ENABLE_DEBUG_INFO = NO;
				MTL_FAST_MATH = YES;
				SDKROOT = iphoneos;
				SWIFT_COMPILATION_MODE = wholemodule;
				VALIDATE_PRODUCT = YES;
			};
			name = Release;
		};
		4541AD3D2D51D120001E57DA /* Debug */ = {
			isa = XCBuildConfiguration;
			buildSettings = {
				ASSETCATALOG_COMPILER_APPICON_NAME = AppIcon;
				ASSETCATALOG_COMPILER_GLOBAL_ACCENT_COLOR_NAME = AccentColor;
				CODE_SIGN_STYLE = Automatic;
				CURRENT_PROJECT_VERSION = 1;
				DEVELOPMENT_ASSET_PATHS = "\"scroll2study/Preview Content\"";
				ENABLE_PREVIEWS = YES;
				GENERATE_INFOPLIST_FILE = YES;
				INFOPLIST_KEY_UIApplicationSceneManifest_Generation = YES;
				INFOPLIST_KEY_UIApplicationSupportsIndirectInputEvents = YES;
				INFOPLIST_KEY_UILaunchScreen_Generation = YES;
				INFOPLIST_KEY_UISupportedInterfaceOrientations_iPad = "UIInterfaceOrientationPortrait UIInterfaceOrientationPortraitUpsideDown UIInterfaceOrientationLandscapeLeft UIInterfaceOrientationLandscapeRight";
				INFOPLIST_KEY_UISupportedInterfaceOrientations_iPhone = "UIInterfaceOrientationPortrait UIInterfaceOrientationLandscapeLeft UIInterfaceOrientationLandscapeRight";
				LD_RUNPATH_SEARCH_PATHS = (
					"$(inherited)",
					"@executable_path/Frameworks",
				);
				MARKETING_VERSION = 1.0;
				PRODUCT_BUNDLE_IDENTIFIER = com.gauntletai.scroll2study;
				PRODUCT_NAME = "$(TARGET_NAME)";
				SWIFT_EMIT_LOC_STRINGS = YES;
				SWIFT_VERSION = 5.0;
				TARGETED_DEVICE_FAMILY = "1,2";
			};
			name = Debug;
		};
		4541AD3E2D51D120001E57DA /* Release */ = {
			isa = XCBuildConfiguration;
			buildSettings = {
				ASSETCATALOG_COMPILER_APPICON_NAME = AppIcon;
				ASSETCATALOG_COMPILER_GLOBAL_ACCENT_COLOR_NAME = AccentColor;
				CODE_SIGN_STYLE = Automatic;
				CURRENT_PROJECT_VERSION = 1;
				DEVELOPMENT_ASSET_PATHS = "\"scroll2study/Preview Content\"";
				ENABLE_PREVIEWS = YES;
				GENERATE_INFOPLIST_FILE = YES;
				INFOPLIST_KEY_UIApplicationSceneManifest_Generation = YES;
				INFOPLIST_KEY_UIApplicationSupportsIndirectInputEvents = YES;
				INFOPLIST_KEY_UILaunchScreen_Generation = YES;
				INFOPLIST_KEY_UISupportedInterfaceOrientations_iPad = "UIInterfaceOrientationPortrait UIInterfaceOrientationPortraitUpsideDown UIInterfaceOrientationLandscapeLeft UIInterfaceOrientationLandscapeRight";
				INFOPLIST_KEY_UISupportedInterfaceOrientations_iPhone = "UIInterfaceOrientationPortrait UIInterfaceOrientationLandscapeLeft UIInterfaceOrientationLandscapeRight";
				LD_RUNPATH_SEARCH_PATHS = (
					"$(inherited)",
					"@executable_path/Frameworks",
				);
				MARKETING_VERSION = 1.0;
				PRODUCT_BUNDLE_IDENTIFIER = com.gauntletai.scroll2study;
				PRODUCT_NAME = "$(TARGET_NAME)";
				SWIFT_EMIT_LOC_STRINGS = YES;
				SWIFT_VERSION = 5.0;
				TARGETED_DEVICE_FAMILY = "1,2";
			};
			name = Release;
		};
		4541AD402D51D120001E57DA /* Debug */ = {
			isa = XCBuildConfiguration;
			buildSettings = {
				BUNDLE_LOADER = "$(TEST_HOST)";
				CODE_SIGN_STYLE = Automatic;
				CURRENT_PROJECT_VERSION = 1;
				GENERATE_INFOPLIST_FILE = YES;
				IPHONEOS_DEPLOYMENT_TARGET = 18.2;
				MARKETING_VERSION = 1.0;
				PRODUCT_BUNDLE_IDENTIFIER = com.gauntletai.scroll2studyTests;
				PRODUCT_NAME = "$(TARGET_NAME)";
				SWIFT_EMIT_LOC_STRINGS = NO;
				SWIFT_VERSION = 5.0;
				TARGETED_DEVICE_FAMILY = "1,2";
				TEST_HOST = "$(BUILT_PRODUCTS_DIR)/scroll2study.app/$(BUNDLE_EXECUTABLE_FOLDER_PATH)/scroll2study";
			};
			name = Debug;
		};
		4541AD412D51D120001E57DA /* Release */ = {
			isa = XCBuildConfiguration;
			buildSettings = {
				BUNDLE_LOADER = "$(TEST_HOST)";
				CODE_SIGN_STYLE = Automatic;
				CURRENT_PROJECT_VERSION = 1;
				GENERATE_INFOPLIST_FILE = YES;
				IPHONEOS_DEPLOYMENT_TARGET = 18.2;
				MARKETING_VERSION = 1.0;
				PRODUCT_BUNDLE_IDENTIFIER = com.gauntletai.scroll2studyTests;
				PRODUCT_NAME = "$(TARGET_NAME)";
				SWIFT_EMIT_LOC_STRINGS = NO;
				SWIFT_VERSION = 5.0;
				TARGETED_DEVICE_FAMILY = "1,2";
				TEST_HOST = "$(BUILT_PRODUCTS_DIR)/scroll2study.app/$(BUNDLE_EXECUTABLE_FOLDER_PATH)/scroll2study";
			};
			name = Release;
		};
		4541AD432D51D120001E57DA /* Debug */ = {
			isa = XCBuildConfiguration;
			buildSettings = {
				CODE_SIGN_STYLE = Automatic;
				CURRENT_PROJECT_VERSION = 1;
				GENERATE_INFOPLIST_FILE = YES;
				INFOPLIST_FILE = scroll2studyUITests/Info.plist;
				MARKETING_VERSION = 1.0;
				PRODUCT_BUNDLE_IDENTIFIER = com.gauntletai.scroll2studyUITests;
				PRODUCT_NAME = "$(TARGET_NAME)";
				SWIFT_EMIT_LOC_STRINGS = NO;
				SWIFT_VERSION = 5.0;
				TARGETED_DEVICE_FAMILY = "1,2";
				TEST_TARGET_NAME = scroll2study;
			};
			name = Debug;
		};
		4541AD442D51D120001E57DA /* Release */ = {
			isa = XCBuildConfiguration;
			buildSettings = {
				CODE_SIGN_STYLE = Automatic;
				CURRENT_PROJECT_VERSION = 1;
				GENERATE_INFOPLIST_FILE = YES;
				INFOPLIST_FILE = scroll2studyUITests/Info.plist;
				MARKETING_VERSION = 1.0;
				PRODUCT_BUNDLE_IDENTIFIER = com.gauntletai.scroll2studyUITests;
				PRODUCT_NAME = "$(TARGET_NAME)";
				SWIFT_EMIT_LOC_STRINGS = NO;
				SWIFT_VERSION = 5.0;
				TARGETED_DEVICE_FAMILY = "1,2";
				TEST_TARGET_NAME = scroll2study;
			};
			name = Release;
		};
/* End XCBuildConfiguration section */

/* Begin XCConfigurationList section */
		4541AD132D51D11F001E57DA /* Build configuration list for PBXProject "scroll2study" */ = {
			isa = XCConfigurationList;
			buildConfigurations = (
				4541AD3A2D51D120001E57DA /* Debug */,
				4541AD3B2D51D120001E57DA /* Release */,
			);
			defaultConfigurationIsVisible = 0;
			defaultConfigurationName = Release;
		};
		4541AD3C2D51D120001E57DA /* Build configuration list for PBXNativeTarget "scroll2study" */ = {
			isa = XCConfigurationList;
			buildConfigurations = (
				4541AD3D2D51D120001E57DA /* Debug */,
				4541AD3E2D51D120001E57DA /* Release */,
			);
			defaultConfigurationIsVisible = 0;
			defaultConfigurationName = Release;
		};
		4541AD3F2D51D120001E57DA /* Build configuration list for PBXNativeTarget "scroll2studyTests" */ = {
			isa = XCConfigurationList;
			buildConfigurations = (
				4541AD402D51D120001E57DA /* Debug */,
				4541AD412D51D120001E57DA /* Release */,
			);
			defaultConfigurationIsVisible = 0;
			defaultConfigurationName = Release;
		};
		4541AD422D51D120001E57DA /* Build configuration list for PBXNativeTarget "scroll2studyUITests" */ = {
			isa = XCConfigurationList;
			buildConfigurations = (
				4541AD432D51D120001E57DA /* Debug */,
				4541AD442D51D120001E57DA /* Release */,
			);
			defaultConfigurationIsVisible = 0;
			defaultConfigurationName = Release;
		};
/* End XCConfigurationList section */

/* Begin XCRemoteSwiftPackageReference section */
		4541AD5E2D52677F001E57DA /* XCRemoteSwiftPackageReference "firebase-ios-sdk" */ = {
			isa = XCRemoteSwiftPackageReference;
			repositoryURL = "https://github.com/firebase/firebase-ios-sdk";
			requirement = {
				kind = upToNextMajorVersion;
				minimumVersion = 11.8.0;
			};
		};
/* End XCRemoteSwiftPackageReference section */

/* Begin XCSwiftPackageProductDependency section */
		4541AD5F2D52677F001E57DA /* FirebaseAuth */ = {
			isa = XCSwiftPackageProductDependency;
			package = 4541AD5E2D52677F001E57DA /* XCRemoteSwiftPackageReference "firebase-ios-sdk" */;
			productName = FirebaseAuth;
		};
		4541AD612D52677F001E57DA /* FirebaseCore */ = {
			isa = XCSwiftPackageProductDependency;
			package = 4541AD5E2D52677F001E57DA /* XCRemoteSwiftPackageReference "firebase-ios-sdk" */;
			productName = FirebaseCore;
		};
		4541AD672D5297CA001E57DA /* FirebaseAuth */ = {
			isa = XCSwiftPackageProductDependency;
			package = 4541AD5E2D52677F001E57DA /* XCRemoteSwiftPackageReference "firebase-ios-sdk" */;
			productName = FirebaseAuth;
		};
		4541AD692D5297CA001E57DA /* FirebaseCore */ = {
			isa = XCSwiftPackageProductDependency;
			package = 4541AD5E2D52677F001E57DA /* XCRemoteSwiftPackageReference "firebase-ios-sdk" */;
			productName = FirebaseCore;
		};
		4541AD7B2D52BD63001E57DA /* FirebaseFirestore */ = {
			isa = XCSwiftPackageProductDependency;
			package = 4541AD5E2D52677F001E57DA /* XCRemoteSwiftPackageReference "firebase-ios-sdk" */;
			productName = FirebaseFirestore;
		};
		4541ADA62D53F79F001E57DA /* FirebaseStorage */ = {
			isa = XCSwiftPackageProductDependency;
			package = 4541AD5E2D52677F001E57DA /* XCRemoteSwiftPackageReference "firebase-ios-sdk" */;
			productName = FirebaseStorage;
		};
/* End XCSwiftPackageProductDependency section */
	};
	rootObject = 4541AD102D51D11F001E57DA /* Project object */;
}
